// !$*UTF8*$!
{
	archiveVersion = 1;
	classes = {
	};
	objectVersion = 50;
	objects = {

/* Begin PBXBuildFile section */
		02A91CC99F9201A16BE0DFC7 /* Pods_MainCardsView.framework in Frameworks */ = {isa = PBXBuildFile; fileRef = B494982EDDE737ED1B2F8BB1 /* Pods_MainCardsView.framework */; };
		DD1D038F237A32EB00DC9A70 /* MainCardsView.framework in Frameworks */ = {isa = PBXBuildFile; fileRef = DD1D0385237A32EB00DC9A70 /* MainCardsView.framework */; };
		DD1D0394237A32EB00DC9A70 /* MainCardsViewTests.swift in Sources */ = {isa = PBXBuildFile; fileRef = DD1D0393237A32EB00DC9A70 /* MainCardsViewTests.swift */; };
		DD1D0396237A32EB00DC9A70 /* MainCardsView.h in Headers */ = {isa = PBXBuildFile; fileRef = DD1D0388237A32EB00DC9A70 /* MainCardsView.h */; settings = {ATTRIBUTES = (Public, ); }; };
		DD1D03A1237A331D00DC9A70 /* APICatData.swift in Sources */ = {isa = PBXBuildFile; fileRef = DD1D03A0237A331D00DC9A70 /* APICatData.swift */; };
		DD1D03A4237A347600DC9A70 /* CatCardsRepository.swift in Sources */ = {isa = PBXBuildFile; fileRef = DD1D03A3237A347600DC9A70 /* CatCardsRepository.swift */; };
		DD1D03A8237A353700DC9A70 /* CardsListRequest.swift in Sources */ = {isa = PBXBuildFile; fileRef = DD1D03A7237A353700DC9A70 /* CardsListRequest.swift */; };
		DD1D03AC237A367600DC9A70 /* CatData.swift in Sources */ = {isa = PBXBuildFile; fileRef = DD1D03AB237A367600DC9A70 /* CatData.swift */; };
		DD1D03AF237A371C00DC9A70 /* CatCardsRepositoryType.swift in Sources */ = {isa = PBXBuildFile; fileRef = DD1D03AE237A371C00DC9A70 /* CatCardsRepositoryType.swift */; };
		DD1D03B2237A387300DC9A70 /* CardListWrapper.swift in Sources */ = {isa = PBXBuildFile; fileRef = DD1D03B1237A387300DC9A70 /* CardListWrapper.swift */; };
		DD1D03B5237A3AF300DC9A70 /* GetCatsListInteractor.swift in Sources */ = {isa = PBXBuildFile; fileRef = DD1D03B4237A3AF300DC9A70 /* GetCatsListInteractor.swift */; };
		DD81026D237A4033009F4453 /* CatCore.framework in Frameworks */ = {isa = PBXBuildFile; fileRef = DD81026C237A4033009F4453 /* CatCore.framework */; };
		DD81026F237A4033009F4453 /* Services.framework in Frameworks */ = {isa = PBXBuildFile; fileRef = DD81026E237A4033009F4453 /* Services.framework */; };
		DD810271237A40C2009F4453 /* MainCardsViewCoordinator.swift in Sources */ = {isa = PBXBuildFile; fileRef = DD810270237A40C2009F4453 /* MainCardsViewCoordinator.swift */; };
		DD810273237A412F009F4453 /* MainCardsViewConfigurator.swift in Sources */ = {isa = PBXBuildFile; fileRef = DD810272237A412F009F4453 /* MainCardsViewConfigurator.swift */; };
		DD810275237A42B4009F4453 /* MainCardsViewContract.swift in Sources */ = {isa = PBXBuildFile; fileRef = DD810274237A42B4009F4453 /* MainCardsViewContract.swift */; };
		DD810277237A4308009F4453 /* MainCardsViewController.swift in Sources */ = {isa = PBXBuildFile; fileRef = DD810276237A4308009F4453 /* MainCardsViewController.swift */; };
		DD810279237A43C6009F4453 /* MainCardsViewPresenter.swift in Sources */ = {isa = PBXBuildFile; fileRef = DD810278237A43C6009F4453 /* MainCardsViewPresenter.swift */; };
		DD81027D237A4835009F4453 /* MainCardsViewPresenter+InOutData.swift in Sources */ = {isa = PBXBuildFile; fileRef = DD81027C237A4835009F4453 /* MainCardsViewPresenter+InOutData.swift */; };
		DD81027F237A4B58009F4453 /* MainCardsView.swift in Sources */ = {isa = PBXBuildFile; fileRef = DD81027E237A4B58009F4453 /* MainCardsView.swift */; };
/* End PBXBuildFile section */

/* Begin PBXContainerItemProxy section */
		DD1D0390237A32EB00DC9A70 /* PBXContainerItemProxy */ = {
			isa = PBXContainerItemProxy;
			containerPortal = DD1D037C237A32EB00DC9A70 /* Project object */;
			proxyType = 1;
			remoteGlobalIDString = DD1D0384237A32EB00DC9A70;
			remoteInfo = MainCardsView;
		};
/* End PBXContainerItemProxy section */

/* Begin PBXFileReference section */
		61043D754115FFF2956B434E /* Pods-MainCardsView.release.xcconfig */ = {isa = PBXFileReference; includeInIndex = 1; lastKnownFileType = text.xcconfig; name = "Pods-MainCardsView.release.xcconfig"; path = "Target Support Files/Pods-MainCardsView/Pods-MainCardsView.release.xcconfig"; sourceTree = "<group>"; };
		8735DC4AA92284918E5FFA3A /* Pods-MainCardsView.debug.xcconfig */ = {isa = PBXFileReference; includeInIndex = 1; lastKnownFileType = text.xcconfig; name = "Pods-MainCardsView.debug.xcconfig"; path = "Target Support Files/Pods-MainCardsView/Pods-MainCardsView.debug.xcconfig"; sourceTree = "<group>"; };
		B494982EDDE737ED1B2F8BB1 /* Pods_MainCardsView.framework */ = {isa = PBXFileReference; explicitFileType = wrapper.framework; includeInIndex = 0; path = Pods_MainCardsView.framework; sourceTree = BUILT_PRODUCTS_DIR; };
		DD1D0385237A32EB00DC9A70 /* MainCardsView.framework */ = {isa = PBXFileReference; explicitFileType = wrapper.framework; includeInIndex = 0; path = MainCardsView.framework; sourceTree = BUILT_PRODUCTS_DIR; };
		DD1D0388237A32EB00DC9A70 /* MainCardsView.h */ = {isa = PBXFileReference; lastKnownFileType = sourcecode.c.h; path = MainCardsView.h; sourceTree = "<group>"; };
		DD1D0389237A32EB00DC9A70 /* Info.plist */ = {isa = PBXFileReference; lastKnownFileType = text.plist.xml; path = Info.plist; sourceTree = "<group>"; };
		DD1D038E237A32EB00DC9A70 /* MainCardsViewTests.xctest */ = {isa = PBXFileReference; explicitFileType = wrapper.cfbundle; includeInIndex = 0; path = MainCardsViewTests.xctest; sourceTree = BUILT_PRODUCTS_DIR; };
		DD1D0393237A32EB00DC9A70 /* MainCardsViewTests.swift */ = {isa = PBXFileReference; lastKnownFileType = sourcecode.swift; path = MainCardsViewTests.swift; sourceTree = "<group>"; };
		DD1D0395237A32EB00DC9A70 /* Info.plist */ = {isa = PBXFileReference; lastKnownFileType = text.plist.xml; path = Info.plist; sourceTree = "<group>"; };
		DD1D03A0237A331D00DC9A70 /* APICatData.swift */ = {isa = PBXFileReference; lastKnownFileType = sourcecode.swift; path = APICatData.swift; sourceTree = "<group>"; };
		DD1D03A3237A347600DC9A70 /* CatCardsRepository.swift */ = {isa = PBXFileReference; lastKnownFileType = sourcecode.swift; path = CatCardsRepository.swift; sourceTree = "<group>"; };
		DD1D03A7237A353700DC9A70 /* CardsListRequest.swift */ = {isa = PBXFileReference; lastKnownFileType = sourcecode.swift; path = CardsListRequest.swift; sourceTree = "<group>"; };
		DD1D03AB237A367600DC9A70 /* CatData.swift */ = {isa = PBXFileReference; lastKnownFileType = sourcecode.swift; path = CatData.swift; sourceTree = "<group>"; };
		DD1D03AE237A371C00DC9A70 /* CatCardsRepositoryType.swift */ = {isa = PBXFileReference; lastKnownFileType = sourcecode.swift; path = CatCardsRepositoryType.swift; sourceTree = "<group>"; };
		DD1D03B1237A387300DC9A70 /* CardListWrapper.swift */ = {isa = PBXFileReference; lastKnownFileType = sourcecode.swift; path = CardListWrapper.swift; sourceTree = "<group>"; };
		DD1D03B4237A3AF300DC9A70 /* GetCatsListInteractor.swift */ = {isa = PBXFileReference; lastKnownFileType = sourcecode.swift; path = GetCatsListInteractor.swift; sourceTree = "<group>"; };
		DD81026C237A4033009F4453 /* CatCore.framework */ = {isa = PBXFileReference; explicitFileType = wrapper.framework; path = CatCore.framework; sourceTree = BUILT_PRODUCTS_DIR; };
		DD81026E237A4033009F4453 /* Services.framework */ = {isa = PBXFileReference; explicitFileType = wrapper.framework; path = Services.framework; sourceTree = BUILT_PRODUCTS_DIR; };
		DD810270237A40C2009F4453 /* MainCardsViewCoordinator.swift */ = {isa = PBXFileReference; lastKnownFileType = sourcecode.swift; path = MainCardsViewCoordinator.swift; sourceTree = "<group>"; };
		DD810272237A412F009F4453 /* MainCardsViewConfigurator.swift */ = {isa = PBXFileReference; lastKnownFileType = sourcecode.swift; path = MainCardsViewConfigurator.swift; sourceTree = "<group>"; };
		DD810274237A42B4009F4453 /* MainCardsViewContract.swift */ = {isa = PBXFileReference; lastKnownFileType = sourcecode.swift; path = MainCardsViewContract.swift; sourceTree = "<group>"; };
		DD810276237A4308009F4453 /* MainCardsViewController.swift */ = {isa = PBXFileReference; lastKnownFileType = sourcecode.swift; path = MainCardsViewController.swift; sourceTree = "<group>"; };
		DD810278237A43C6009F4453 /* MainCardsViewPresenter.swift */ = {isa = PBXFileReference; lastKnownFileType = sourcecode.swift; path = MainCardsViewPresenter.swift; sourceTree = "<group>"; };
		DD81027C237A4835009F4453 /* MainCardsViewPresenter+InOutData.swift */ = {isa = PBXFileReference; lastKnownFileType = sourcecode.swift; path = "MainCardsViewPresenter+InOutData.swift"; sourceTree = "<group>"; };
		DD81027E237A4B58009F4453 /* MainCardsView.swift */ = {isa = PBXFileReference; lastKnownFileType = sourcecode.swift; path = MainCardsView.swift; sourceTree = "<group>"; };
/* End PBXFileReference section */

/* Begin PBXFrameworksBuildPhase section */
		DD1D0382237A32EB00DC9A70 /* Frameworks */ = {
			isa = PBXFrameworksBuildPhase;
			buildActionMask = 2147483647;
			files = (
				DD81026D237A4033009F4453 /* CatCore.framework in Frameworks */,
				DD81026F237A4033009F4453 /* Services.framework in Frameworks */,
				02A91CC99F9201A16BE0DFC7 /* Pods_MainCardsView.framework in Frameworks */,
			);
			runOnlyForDeploymentPostprocessing = 0;
		};
		DD1D038B237A32EB00DC9A70 /* Frameworks */ = {
			isa = PBXFrameworksBuildPhase;
			buildActionMask = 2147483647;
			files = (
				DD1D038F237A32EB00DC9A70 /* MainCardsView.framework in Frameworks */,
			);
			runOnlyForDeploymentPostprocessing = 0;
		};
/* End PBXFrameworksBuildPhase section */

/* Begin PBXGroup section */
		05A5365B1CE0A6F5AE6FB6FA /* Frameworks */ = {
			isa = PBXGroup;
			children = (
				DD81026C237A4033009F4453 /* CatCore.framework */,
				DD81026E237A4033009F4453 /* Services.framework */,
				B494982EDDE737ED1B2F8BB1 /* Pods_MainCardsView.framework */,
			);
			name = Frameworks;
			sourceTree = "<group>";
		};
		384FD92CA1509665362EF2B3 /* Pods */ = {
			isa = PBXGroup;
			children = (
				8735DC4AA92284918E5FFA3A /* Pods-MainCardsView.debug.xcconfig */,
				61043D754115FFF2956B434E /* Pods-MainCardsView.release.xcconfig */,
			);
			name = Pods;
			path = ../Pods;
			sourceTree = "<group>";
		};
		DD1D037B237A32EB00DC9A70 = {
			isa = PBXGroup;
			children = (
				DD1D0387237A32EB00DC9A70 /* MainCardsView */,
				DD1D0392237A32EB00DC9A70 /* MainCardsViewTests */,
				DD1D0386237A32EB00DC9A70 /* Products */,
				384FD92CA1509665362EF2B3 /* Pods */,
				05A5365B1CE0A6F5AE6FB6FA /* Frameworks */,
			);
			sourceTree = "<group>";
		};
		DD1D0386237A32EB00DC9A70 /* Products */ = {
			isa = PBXGroup;
			children = (
				DD1D0385237A32EB00DC9A70 /* MainCardsView.framework */,
				DD1D038E237A32EB00DC9A70 /* MainCardsViewTests.xctest */,
			);
			name = Products;
			sourceTree = "<group>";
		};
		DD1D0387237A32EB00DC9A70 /* MainCardsView */ = {
			isa = PBXGroup;
			children = (
				DD1D03B6237A3DEE00DC9A70 /* Presentation */,
				DD1D03A9237A366000DC9A70 /* Domain */,
				DD1D039F237A330900DC9A70 /* Data */,
				DD1D0388237A32EB00DC9A70 /* MainCardsView.h */,
				DD1D0389237A32EB00DC9A70 /* Info.plist */,
			);
			path = MainCardsView;
			sourceTree = "<group>";
		};
		DD1D0392237A32EB00DC9A70 /* MainCardsViewTests */ = {
			isa = PBXGroup;
			children = (
				DD1D0393237A32EB00DC9A70 /* MainCardsViewTests.swift */,
				DD1D0395237A32EB00DC9A70 /* Info.plist */,
			);
			path = MainCardsViewTests;
			sourceTree = "<group>";
		};
		DD1D039F237A330900DC9A70 /* Data */ = {
			isa = PBXGroup;
			children = (
				DD1D03B0237A386900DC9A70 /* Wrappers */,
				DD1D03A6237A352800DC9A70 /* Requests */,
				DD1D03A5237A351F00DC9A70 /* Models */,
				DD1D03A2237A343200DC9A70 /* Repository */,
			);
			path = Data;
			sourceTree = "<group>";
		};
		DD1D03A2237A343200DC9A70 /* Repository */ = {
			isa = PBXGroup;
			children = (
				DD1D03A3237A347600DC9A70 /* CatCardsRepository.swift */,
			);
			path = Repository;
			sourceTree = "<group>";
		};
		DD1D03A5237A351F00DC9A70 /* Models */ = {
			isa = PBXGroup;
			children = (
				DD1D03A0237A331D00DC9A70 /* APICatData.swift */,
			);
			path = Models;
			sourceTree = "<group>";
		};
		DD1D03A6237A352800DC9A70 /* Requests */ = {
			isa = PBXGroup;
			children = (
				DD1D03A7237A353700DC9A70 /* CardsListRequest.swift */,
			);
			path = Requests;
			sourceTree = "<group>";
		};
		DD1D03A9237A366000DC9A70 /* Domain */ = {
			isa = PBXGroup;
			children = (
				DD1D03B3237A3ADF00DC9A70 /* Interactors */,
				DD1D03AD237A370200DC9A70 /* Repositories */,
				DD1D03AA237A366500DC9A70 /* Models */,
			);
			path = Domain;
			sourceTree = "<group>";
		};
		DD1D03AA237A366500DC9A70 /* Models */ = {
			isa = PBXGroup;
			children = (
				DD1D03AB237A367600DC9A70 /* CatData.swift */,
			);
			path = Models;
			sourceTree = "<group>";
		};
		DD1D03AD237A370200DC9A70 /* Repositories */ = {
			isa = PBXGroup;
			children = (
				DD1D03AE237A371C00DC9A70 /* CatCardsRepositoryType.swift */,
			);
			path = Repositories;
			sourceTree = "<group>";
		};
		DD1D03B0237A386900DC9A70 /* Wrappers */ = {
			isa = PBXGroup;
			children = (
				DD1D03B1237A387300DC9A70 /* CardListWrapper.swift */,
			);
			path = Wrappers;
			sourceTree = "<group>";
		};
		DD1D03B3237A3ADF00DC9A70 /* Interactors */ = {
			isa = PBXGroup;
			children = (
				DD1D03B4237A3AF300DC9A70 /* GetCatsListInteractor.swift */,
			);
			path = Interactors;
			sourceTree = "<group>";
		};
		DD1D03B6237A3DEE00DC9A70 /* Presentation */ = {
			isa = PBXGroup;
			children = (
				DD810270237A40C2009F4453 /* MainCardsViewCoordinator.swift */,
				DD810272237A412F009F4453 /* MainCardsViewConfigurator.swift */,
				DD810274237A42B4009F4453 /* MainCardsViewContract.swift */,
				DD810276237A4308009F4453 /* MainCardsViewController.swift */,
				DD810278237A43C6009F4453 /* MainCardsViewPresenter.swift */,
				DD81027C237A4835009F4453 /* MainCardsViewPresenter+InOutData.swift */,
				DD81027E237A4B58009F4453 /* MainCardsView.swift */,
			);
			path = Presentation;
			sourceTree = "<group>";
		};
/* End PBXGroup section */

/* Begin PBXHeadersBuildPhase section */
		DD1D0380237A32EB00DC9A70 /* Headers */ = {
			isa = PBXHeadersBuildPhase;
			buildActionMask = 2147483647;
			files = (
				DD1D0396237A32EB00DC9A70 /* MainCardsView.h in Headers */,
			);
			runOnlyForDeploymentPostprocessing = 0;
		};
/* End PBXHeadersBuildPhase section */

/* Begin PBXNativeTarget section */
		DD1D0384237A32EB00DC9A70 /* MainCardsView */ = {
			isa = PBXNativeTarget;
			buildConfigurationList = DD1D0399237A32EB00DC9A70 /* Build configuration list for PBXNativeTarget "MainCardsView" */;
			buildPhases = (
				3071921D3362F064822C8E49 /* [CP] Check Pods Manifest.lock */,
				DD1D0380237A32EB00DC9A70 /* Headers */,
				DD1D0381237A32EB00DC9A70 /* Sources */,
				DD1D0382237A32EB00DC9A70 /* Frameworks */,
				DD1D0383237A32EB00DC9A70 /* Resources */,
			);
			buildRules = (
			);
			dependencies = (
			);
			name = MainCardsView;
			productName = MainCardsView;
			productReference = DD1D0385237A32EB00DC9A70 /* MainCardsView.framework */;
			productType = "com.apple.product-type.framework";
		};
		DD1D038D237A32EB00DC9A70 /* MainCardsViewTests */ = {
			isa = PBXNativeTarget;
			buildConfigurationList = DD1D039C237A32EB00DC9A70 /* Build configuration list for PBXNativeTarget "MainCardsViewTests" */;
			buildPhases = (
				DD1D038A237A32EB00DC9A70 /* Sources */,
				DD1D038B237A32EB00DC9A70 /* Frameworks */,
				DD1D038C237A32EB00DC9A70 /* Resources */,
			);
			buildRules = (
			);
			dependencies = (
				DD1D0391237A32EB00DC9A70 /* PBXTargetDependency */,
			);
			name = MainCardsViewTests;
			productName = MainCardsViewTests;
			productReference = DD1D038E237A32EB00DC9A70 /* MainCardsViewTests.xctest */;
			productType = "com.apple.product-type.bundle.unit-test";
		};
/* End PBXNativeTarget section */

/* Begin PBXProject section */
		DD1D037C237A32EB00DC9A70 /* Project object */ = {
			isa = PBXProject;
			attributes = {
				LastSwiftUpdateCheck = 1020;
				LastUpgradeCheck = 1020;
				ORGANIZATIONNAME = "Miguel Roncallo";
				TargetAttributes = {
					DD1D0384237A32EB00DC9A70 = {
						CreatedOnToolsVersion = 10.2.1;
						LastSwiftMigration = 1020;
					};
					DD1D038D237A32EB00DC9A70 = {
						CreatedOnToolsVersion = 10.2.1;
					};
				};
			};
			buildConfigurationList = DD1D037F237A32EB00DC9A70 /* Build configuration list for PBXProject "MainCardsView" */;
			compatibilityVersion = "Xcode 9.3";
			developmentRegion = en;
			hasScannedForEncodings = 0;
			knownRegions = (
				en,
			);
			mainGroup = DD1D037B237A32EB00DC9A70;
			productRefGroup = DD1D0386237A32EB00DC9A70 /* Products */;
			projectDirPath = "";
			projectRoot = "";
			targets = (
				DD1D0384237A32EB00DC9A70 /* MainCardsView */,
				DD1D038D237A32EB00DC9A70 /* MainCardsViewTests */,
			);
		};
/* End PBXProject section */

/* Begin PBXResourcesBuildPhase section */
		DD1D0383237A32EB00DC9A70 /* Resources */ = {
			isa = PBXResourcesBuildPhase;
			buildActionMask = 2147483647;
			files = (
			);
			runOnlyForDeploymentPostprocessing = 0;
		};
		DD1D038C237A32EB00DC9A70 /* Resources */ = {
			isa = PBXResourcesBuildPhase;
			buildActionMask = 2147483647;
			files = (
			);
			runOnlyForDeploymentPostprocessing = 0;
		};
/* End PBXResourcesBuildPhase section */

/* Begin PBXShellScriptBuildPhase section */
		3071921D3362F064822C8E49 /* [CP] Check Pods Manifest.lock */ = {
			isa = PBXShellScriptBuildPhase;
			buildActionMask = 2147483647;
			files = (
			);
			inputFileListPaths = (
			);
			inputPaths = (
				"${PODS_PODFILE_DIR_PATH}/Podfile.lock",
				"${PODS_ROOT}/Manifest.lock",
			);
			name = "[CP] Check Pods Manifest.lock";
			outputFileListPaths = (
			);
			outputPaths = (
				"$(DERIVED_FILE_DIR)/Pods-MainCardsView-checkManifestLockResult.txt",
			);
			runOnlyForDeploymentPostprocessing = 0;
			shellPath = /bin/sh;
			shellScript = "diff \"${PODS_PODFILE_DIR_PATH}/Podfile.lock\" \"${PODS_ROOT}/Manifest.lock\" > /dev/null\nif [ $? != 0 ] ; then\n    # print error to STDERR\n    echo \"error: The sandbox is not in sync with the Podfile.lock. Run 'pod install' or update your CocoaPods installation.\" >&2\n    exit 1\nfi\n# This output is used by Xcode 'outputs' to avoid re-running this script phase.\necho \"SUCCESS\" > \"${SCRIPT_OUTPUT_FILE_0}\"\n";
			showEnvVarsInLog = 0;
		};
/* End PBXShellScriptBuildPhase section */

/* Begin PBXSourcesBuildPhase section */
		DD1D0381237A32EB00DC9A70 /* Sources */ = {
			isa = PBXSourcesBuildPhase;
			buildActionMask = 2147483647;
			files = (
				DD1D03A4237A347600DC9A70 /* CatCardsRepository.swift in Sources */,
				DD1D03A1237A331D00DC9A70 /* APICatData.swift in Sources */,
				DD810271237A40C2009F4453 /* MainCardsViewCoordinator.swift in Sources */,
				DD1D03B5237A3AF300DC9A70 /* GetCatsListInteractor.swift in Sources */,
				DD810273237A412F009F4453 /* MainCardsViewConfigurator.swift in Sources */,
				DD81027F237A4B58009F4453 /* MainCardsView.swift in Sources */,
				DD810277237A4308009F4453 /* MainCardsViewController.swift in Sources */,
				DD1D03AC237A367600DC9A70 /* CatData.swift in Sources */,
				DD1D03A8237A353700DC9A70 /* CardsListRequest.swift in Sources */,
				DD810279237A43C6009F4453 /* MainCardsViewPresenter.swift in Sources */,
				DD810275237A42B4009F4453 /* MainCardsViewContract.swift in Sources */,
				DD81027D237A4835009F4453 /* MainCardsViewPresenter+InOutData.swift in Sources */,
				DD1D03AF237A371C00DC9A70 /* CatCardsRepositoryType.swift in Sources */,
				DD1D03B2237A387300DC9A70 /* CardListWrapper.swift in Sources */,
			);
			runOnlyForDeploymentPostprocessing = 0;
		};
		DD1D038A237A32EB00DC9A70 /* Sources */ = {
			isa = PBXSourcesBuildPhase;
			buildActionMask = 2147483647;
			files = (
				DD1D0394237A32EB00DC9A70 /* MainCardsViewTests.swift in Sources */,
			);
			runOnlyForDeploymentPostprocessing = 0;
		};
/* End PBXSourcesBuildPhase section */

/* Begin PBXTargetDependency section */
		DD1D0391237A32EB00DC9A70 /* PBXTargetDependency */ = {
			isa = PBXTargetDependency;
			target = DD1D0384237A32EB00DC9A70 /* MainCardsView */;
			targetProxy = DD1D0390237A32EB00DC9A70 /* PBXContainerItemProxy */;
		};
/* End PBXTargetDependency section */

/* Begin XCBuildConfiguration section */
		DD1D0397237A32EB00DC9A70 /* Debug */ = {
			isa = XCBuildConfiguration;
			buildSettings = {
				ALWAYS_SEARCH_USER_PATHS = NO;
				CLANG_ANALYZER_NONNULL = YES;
				CLANG_ANALYZER_NUMBER_OBJECT_CONVERSION = YES_AGGRESSIVE;
				CLANG_CXX_LANGUAGE_STANDARD = "gnu++14";
				CLANG_CXX_LIBRARY = "libc++";
				CLANG_ENABLE_MODULES = YES;
				CLANG_ENABLE_OBJC_ARC = YES;
				CLANG_ENABLE_OBJC_WEAK = YES;
				CLANG_WARN_BLOCK_CAPTURE_AUTORELEASING = YES;
				CLANG_WARN_BOOL_CONVERSION = YES;
				CLANG_WARN_COMMA = YES;
				CLANG_WARN_CONSTANT_CONVERSION = YES;
				CLANG_WARN_DEPRECATED_OBJC_IMPLEMENTATIONS = YES;
				CLANG_WARN_DIRECT_OBJC_ISA_USAGE = YES_ERROR;
				CLANG_WARN_DOCUMENTATION_COMMENTS = YES;
				CLANG_WARN_EMPTY_BODY = YES;
				CLANG_WARN_ENUM_CONVERSION = YES;
				CLANG_WARN_INFINITE_RECURSION = YES;
				CLANG_WARN_INT_CONVERSION = YES;
				CLANG_WARN_NON_LITERAL_NULL_CONVERSION = YES;
				CLANG_WARN_OBJC_IMPLICIT_RETAIN_SELF = YES;
				CLANG_WARN_OBJC_LITERAL_CONVERSION = YES;
				CLANG_WARN_OBJC_ROOT_CLASS = YES_ERROR;
				CLANG_WARN_RANGE_LOOP_ANALYSIS = YES;
				CLANG_WARN_STRICT_PROTOTYPES = YES;
				CLANG_WARN_SUSPICIOUS_MOVE = YES;
				CLANG_WARN_UNGUARDED_AVAILABILITY = YES_AGGRESSIVE;
				CLANG_WARN_UNREACHABLE_CODE = YES;
				CLANG_WARN__DUPLICATE_METHOD_MATCH = YES;
				CODE_SIGN_IDENTITY = "iPhone Developer";
				COPY_PHASE_STRIP = NO;
				CURRENT_PROJECT_VERSION = 1;
				DEBUG_INFORMATION_FORMAT = dwarf;
				ENABLE_STRICT_OBJC_MSGSEND = YES;
				ENABLE_TESTABILITY = YES;
				GCC_C_LANGUAGE_STANDARD = gnu11;
				GCC_DYNAMIC_NO_PIC = NO;
				GCC_NO_COMMON_BLOCKS = YES;
				GCC_OPTIMIZATION_LEVEL = 0;
				GCC_PREPROCESSOR_DEFINITIONS = (
					"DEBUG=1",
					"$(inherited)",
				);
				GCC_WARN_64_TO_32_BIT_CONVERSION = YES;
				GCC_WARN_ABOUT_RETURN_TYPE = YES_ERROR;
				GCC_WARN_UNDECLARED_SELECTOR = YES;
				GCC_WARN_UNINITIALIZED_AUTOS = YES_AGGRESSIVE;
				GCC_WARN_UNUSED_FUNCTION = YES;
				GCC_WARN_UNUSED_VARIABLE = YES;
				IPHONEOS_DEPLOYMENT_TARGET = 12.2;
				MTL_ENABLE_DEBUG_INFO = INCLUDE_SOURCE;
				MTL_FAST_MATH = YES;
				ONLY_ACTIVE_ARCH = YES;
				SDKROOT = iphoneos;
				SWIFT_ACTIVE_COMPILATION_CONDITIONS = DEBUG;
				SWIFT_OPTIMIZATION_LEVEL = "-Onone";
				VERSIONING_SYSTEM = "apple-generic";
				VERSION_INFO_PREFIX = "";
			};
			name = Debug;
		};
		DD1D0398237A32EB00DC9A70 /* Release */ = {
			isa = XCBuildConfiguration;
			buildSettings = {
				ALWAYS_SEARCH_USER_PATHS = NO;
				CLANG_ANALYZER_NONNULL = YES;
				CLANG_ANALYZER_NUMBER_OBJECT_CONVERSION = YES_AGGRESSIVE;
				CLANG_CXX_LANGUAGE_STANDARD = "gnu++14";
				CLANG_CXX_LIBRARY = "libc++";
				CLANG_ENABLE_MODULES = YES;
				CLANG_ENABLE_OBJC_ARC = YES;
				CLANG_ENABLE_OBJC_WEAK = YES;
				CLANG_WARN_BLOCK_CAPTURE_AUTORELEASING = YES;
				CLANG_WARN_BOOL_CONVERSION = YES;
				CLANG_WARN_COMMA = YES;
				CLANG_WARN_CONSTANT_CONVERSION = YES;
				CLANG_WARN_DEPRECATED_OBJC_IMPLEMENTATIONS = YES;
				CLANG_WARN_DIRECT_OBJC_ISA_USAGE = YES_ERROR;
				CLANG_WARN_DOCUMENTATION_COMMENTS = YES;
				CLANG_WARN_EMPTY_BODY = YES;
				CLANG_WARN_ENUM_CONVERSION = YES;
				CLANG_WARN_INFINITE_RECURSION = YES;
				CLANG_WARN_INT_CONVERSION = YES;
				CLANG_WARN_NON_LITERAL_NULL_CONVERSION = YES;
				CLANG_WARN_OBJC_IMPLICIT_RETAIN_SELF = YES;
				CLANG_WARN_OBJC_LITERAL_CONVERSION = YES;
				CLANG_WARN_OBJC_ROOT_CLASS = YES_ERROR;
				CLANG_WARN_RANGE_LOOP_ANALYSIS = YES;
				CLANG_WARN_STRICT_PROTOTYPES = YES;
				CLANG_WARN_SUSPICIOUS_MOVE = YES;
				CLANG_WARN_UNGUARDED_AVAILABILITY = YES_AGGRESSIVE;
				CLANG_WARN_UNREACHABLE_CODE = YES;
				CLANG_WARN__DUPLICATE_METHOD_MATCH = YES;
				CODE_SIGN_IDENTITY = "iPhone Developer";
				COPY_PHASE_STRIP = NO;
				CURRENT_PROJECT_VERSION = 1;
				DEBUG_INFORMATION_FORMAT = "dwarf-with-dsym";
				ENABLE_NS_ASSERTIONS = NO;
				ENABLE_STRICT_OBJC_MSGSEND = YES;
				GCC_C_LANGUAGE_STANDARD = gnu11;
				GCC_NO_COMMON_BLOCKS = YES;
				GCC_WARN_64_TO_32_BIT_CONVERSION = YES;
				GCC_WARN_ABOUT_RETURN_TYPE = YES_ERROR;
				GCC_WARN_UNDECLARED_SELECTOR = YES;
				GCC_WARN_UNINITIALIZED_AUTOS = YES_AGGRESSIVE;
				GCC_WARN_UNUSED_FUNCTION = YES;
				GCC_WARN_UNUSED_VARIABLE = YES;
				IPHONEOS_DEPLOYMENT_TARGET = 12.2;
				MTL_ENABLE_DEBUG_INFO = NO;
				MTL_FAST_MATH = YES;
				SDKROOT = iphoneos;
				SWIFT_COMPILATION_MODE = wholemodule;
				SWIFT_OPTIMIZATION_LEVEL = "-O";
				VALIDATE_PRODUCT = YES;
				VERSIONING_SYSTEM = "apple-generic";
				VERSION_INFO_PREFIX = "";
			};
			name = Release;
		};
		DD1D039A237A32EB00DC9A70 /* Debug */ = {
			isa = XCBuildConfiguration;
			baseConfigurationReference = 8735DC4AA92284918E5FFA3A /* Pods-MainCardsView.debug.xcconfig */;
			buildSettings = {
				ALWAYS_EMBED_SWIFT_STANDARD_LIBRARIES = YES;
				CLANG_ENABLE_MODULES = YES;
				CODE_SIGN_IDENTITY = "";
				CODE_SIGN_STYLE = Automatic;
				DEFINES_MODULE = YES;
				DYLIB_COMPATIBILITY_VERSION = 1;
				DYLIB_CURRENT_VERSION = 1;
				DYLIB_INSTALL_NAME_BASE = "@rpath";
				INFOPLIST_FILE = MainCardsView/Info.plist;
				INSTALL_PATH = "$(LOCAL_LIBRARY_DIR)/Frameworks";
				LD_RUNPATH_SEARCH_PATHS = (
					"$(inherited)",
					"@executable_path/Frameworks",
					"@loader_path/Frameworks",
				);
				PRODUCT_BUNDLE_IDENTIFIER = test.MainCardsView;
				PRODUCT_NAME = "$(TARGET_NAME:c99extidentifier)";
				SKIP_INSTALL = YES;
				SWIFT_OPTIMIZATION_LEVEL = "-Onone";
				SWIFT_VERSION = 5.0;
				TARGETED_DEVICE_FAMILY = "1,2";
			};
			name = Debug;
		};
		DD1D039B237A32EB00DC9A70 /* Release */ = {
			isa = XCBuildConfiguration;
			baseConfigurationReference = 61043D754115FFF2956B434E /* Pods-MainCardsView.release.xcconfig */;
			buildSettings = {
				ALWAYS_EMBED_SWIFT_STANDARD_LIBRARIES = YES;
				CLANG_ENABLE_MODULES = YES;
				CODE_SIGN_IDENTITY = "";
				CODE_SIGN_STYLE = Automatic;
				DEFINES_MODULE = YES;
				DYLIB_COMPATIBILITY_VERSION = 1;
				DYLIB_CURRENT_VERSION = 1;
				DYLIB_INSTALL_NAME_BASE = "@rpath";
				INFOPLIST_FILE = MainCardsView/Info.plist;
				INSTALL_PATH = "$(LOCAL_LIBRARY_DIR)/Frameworks";
				LD_RUNPATH_SEARCH_PATHS = (
					"$(inherited)",
					"@executable_path/Frameworks",
					"@loader_path/Frameworks",
				);
				PRODUCT_BUNDLE_IDENTIFIER = test.MainCardsView;
				PRODUCT_NAME = "$(TARGET_NAME:c99extidentifier)";
				SKIP_INSTALL = YES;
				SWIFT_VERSION = 5.0;
				TARGETED_DEVICE_FAMILY = "1,2";
			};
			name = Release;
		};
		DD1D039D237A32EB00DC9A70 /* Debug */ = {
			isa = XCBuildConfiguration;
			buildSettings = {
				ALWAYS_EMBED_SWIFT_STANDARD_LIBRARIES = YES;
				CODE_SIGN_STYLE = Automatic;
				INFOPLIST_FILE = MainCardsViewTests/Info.plist;
				LD_RUNPATH_SEARCH_PATHS = (
					"$(inherited)",
					"@executable_path/Frameworks",
					"@loader_path/Frameworks",
				);
				PRODUCT_BUNDLE_IDENTIFIER = test.MainCardsViewTests;
				PRODUCT_NAME = "$(TARGET_NAME)";
				SWIFT_VERSION = 5.0;
				TARGETED_DEVICE_FAMILY = "1,2";
			};
			name = Debug;
		};
		DD1D039E237A32EB00DC9A70 /* Release */ = {
			isa = XCBuildConfiguration;
			buildSettings = {
				ALWAYS_EMBED_SWIFT_STANDARD_LIBRARIES = YES;
				CODE_SIGN_STYLE = Automatic;
				INFOPLIST_FILE = MainCardsViewTests/Info.plist;
				LD_RUNPATH_SEARCH_PATHS = (
					"$(inherited)",
					"@executable_path/Frameworks",
					"@loader_path/Frameworks",
				);
				PRODUCT_BUNDLE_IDENTIFIER = test.MainCardsViewTests;
				PRODUCT_NAME = "$(TARGET_NAME)";
				SWIFT_VERSION = 5.0;
				TARGETED_DEVICE_FAMILY = "1,2";
			};
			name = Release;
		};
/* End XCBuildConfiguration section */

/* Begin XCConfigurationList section */
		DD1D037F237A32EB00DC9A70 /* Build configuration list for PBXProject "MainCardsView" */ = {
			isa = XCConfigurationList;
			buildConfigurations = (
				DD1D0397237A32EB00DC9A70 /* Debug */,
				DD1D0398237A32EB00DC9A70 /* Release */,
			);
			defaultConfigurationIsVisible = 0;
			defaultConfigurationName = Release;
		};
		DD1D0399237A32EB00DC9A70 /* Build configuration list for PBXNativeTarget "MainCardsView" */ = {
			isa = XCConfigurationList;
			buildConfigurations = (
				DD1D039A237A32EB00DC9A70 /* Debug */,
				DD1D039B237A32EB00DC9A70 /* Release */,
			);
			defaultConfigurationIsVisible = 0;
			defaultConfigurationName = Release;
		};
		DD1D039C237A32EB00DC9A70 /* Build configuration list for PBXNativeTarget "MainCardsViewTests" */ = {
			isa = XCConfigurationList;
			buildConfigurations = (
				DD1D039D237A32EB00DC9A70 /* Debug */,
				DD1D039E237A32EB00DC9A70 /* Release */,
			);
			defaultConfigurationIsVisible = 0;
			defaultConfigurationName = Release;
		};
/* End XCConfigurationList section */
	};
	rootObject = DD1D037C237A32EB00DC9A70 /* Project object */;
}
