// !$*UTF8*$!
{
	archiveVersion = 1;
	classes = {
	};
	objectVersion = 50;
	objects = {

/* Begin PBXBuildFile section */
		886AC7B8EF7E78B2DCA8683F /* Pods_Services.framework in Frameworks */ = {isa = PBXBuildFile; fileRef = 45E75B854FE38B47DA24FC2E /* Pods_Services.framework */; };
		DDA36036237A21B0000482E2 /* Services.framework in Frameworks */ = {isa = PBXBuildFile; fileRef = DDA3602C237A21AF000482E2 /* Services.framework */; };
		DDA3603B237A21B0000482E2 /* ServicesTests.swift in Sources */ = {isa = PBXBuildFile; fileRef = DDA3603A237A21B0000482E2 /* ServicesTests.swift */; };
		DDA3603D237A21B0000482E2 /* Services.h in Headers */ = {isa = PBXBuildFile; fileRef = DDA3602F237A21AF000482E2 /* Services.h */; settings = {ATTRIBUTES = (Public, ); }; };
		DDA36089237A2825000482E2 /* APIRequest.swift in Sources */ = {isa = PBXBuildFile; fileRef = DDA36088237A2825000482E2 /* APIRequest.swift */; };
		DDA3608B237A2837000482E2 /* APIResponse.swift in Sources */ = {isa = PBXBuildFile; fileRef = DDA3608A237A2837000482E2 /* APIResponse.swift */; };
		DDA3608E237A2863000482E2 /* ClientType.swift in Sources */ = {isa = PBXBuildFile; fileRef = DDA3608D237A2863000482E2 /* ClientType.swift */; };
		DDA36090237A2A91000482E2 /* APIClient.swift in Sources */ = {isa = PBXBuildFile; fileRef = DDA3608F237A2A91000482E2 /* APIClient.swift */; };
		DDAA3D222395A3F000D08C85 /* CatCore.framework in Frameworks */ = {isa = PBXBuildFile; fileRef = DDAA3D212395A3F000D08C85 /* CatCore.framework */; };
/* End PBXBuildFile section */

/* Begin PBXContainerItemProxy section */
		DDA36037237A21B0000482E2 /* PBXContainerItemProxy */ = {
			isa = PBXContainerItemProxy;
			containerPortal = DDA36023237A21AF000482E2 /* Project object */;
			proxyType = 1;
			remoteGlobalIDString = DDA3602B237A21AF000482E2;
			remoteInfo = Services;
		};
/* End PBXContainerItemProxy section */

/* Begin PBXFileReference section */
		45E75B854FE38B47DA24FC2E /* Pods_Services.framework */ = {isa = PBXFileReference; explicitFileType = wrapper.framework; includeInIndex = 0; path = Pods_Services.framework; sourceTree = BUILT_PRODUCTS_DIR; };
		B3A012D434B6C457D3B28ACC /* Pods-Services.debug.xcconfig */ = {isa = PBXFileReference; includeInIndex = 1; lastKnownFileType = text.xcconfig; name = "Pods-Services.debug.xcconfig"; path = "Target Support Files/Pods-Services/Pods-Services.debug.xcconfig"; sourceTree = "<group>"; };
		C871C1748874CBA824045DAB /* Pods-Services.release.xcconfig */ = {isa = PBXFileReference; includeInIndex = 1; lastKnownFileType = text.xcconfig; name = "Pods-Services.release.xcconfig"; path = "Target Support Files/Pods-Services/Pods-Services.release.xcconfig"; sourceTree = "<group>"; };
		DDA3602C237A21AF000482E2 /* Services.framework */ = {isa = PBXFileReference; explicitFileType = wrapper.framework; includeInIndex = 0; path = Services.framework; sourceTree = BUILT_PRODUCTS_DIR; };
		DDA3602F237A21AF000482E2 /* Services.h */ = {isa = PBXFileReference; lastKnownFileType = sourcecode.c.h; path = Services.h; sourceTree = "<group>"; };
		DDA36030237A21AF000482E2 /* Info.plist */ = {isa = PBXFileReference; lastKnownFileType = text.plist.xml; path = Info.plist; sourceTree = "<group>"; };
		DDA36035237A21B0000482E2 /* ServicesTests.xctest */ = {isa = PBXFileReference; explicitFileType = wrapper.cfbundle; includeInIndex = 0; path = ServicesTests.xctest; sourceTree = BUILT_PRODUCTS_DIR; };
		DDA3603A237A21B0000482E2 /* ServicesTests.swift */ = {isa = PBXFileReference; lastKnownFileType = sourcecode.swift; path = ServicesTests.swift; sourceTree = "<group>"; };
		DDA3603C237A21B0000482E2 /* Info.plist */ = {isa = PBXFileReference; lastKnownFileType = text.plist.xml; path = Info.plist; sourceTree = "<group>"; };
		DDA36088237A2825000482E2 /* APIRequest.swift */ = {isa = PBXFileReference; lastKnownFileType = sourcecode.swift; path = APIRequest.swift; sourceTree = "<group>"; };
		DDA3608A237A2837000482E2 /* APIResponse.swift */ = {isa = PBXFileReference; lastKnownFileType = sourcecode.swift; path = APIResponse.swift; sourceTree = "<group>"; };
		DDA3608D237A2863000482E2 /* ClientType.swift */ = {isa = PBXFileReference; lastKnownFileType = sourcecode.swift; path = ClientType.swift; sourceTree = "<group>"; };
		DDA3608F237A2A91000482E2 /* APIClient.swift */ = {isa = PBXFileReference; lastKnownFileType = sourcecode.swift; path = APIClient.swift; sourceTree = "<group>"; };
		DDAA3D212395A3F000D08C85 /* CatCore.framework */ = {isa = PBXFileReference; explicitFileType = wrapper.framework; path = CatCore.framework; sourceTree = BUILT_PRODUCTS_DIR; };
/* End PBXFileReference section */

/* Begin PBXFrameworksBuildPhase section */
		DDA36029237A21AF000482E2 /* Frameworks */ = {
			isa = PBXFrameworksBuildPhase;
			buildActionMask = 2147483647;
			files = (
				DDAA3D222395A3F000D08C85 /* CatCore.framework in Frameworks */,
				886AC7B8EF7E78B2DCA8683F /* Pods_Services.framework in Frameworks */,
			);
			runOnlyForDeploymentPostprocessing = 0;
		};
		DDA36032237A21B0000482E2 /* Frameworks */ = {
			isa = PBXFrameworksBuildPhase;
			buildActionMask = 2147483647;
			files = (
				DDA36036237A21B0000482E2 /* Services.framework in Frameworks */,
			);
			runOnlyForDeploymentPostprocessing = 0;
		};
/* End PBXFrameworksBuildPhase section */

/* Begin PBXGroup section */
		0013400E2DF8082386CABD5D /* Frameworks */ = {
			isa = PBXGroup;
			children = (
				DDAA3D212395A3F000D08C85 /* CatCore.framework */,
				45E75B854FE38B47DA24FC2E /* Pods_Services.framework */,
			);
			name = Frameworks;
			sourceTree = "<group>";
		};
		75DB8EF4B1A0CB54A50DA36C /* Pods */ = {
			isa = PBXGroup;
			children = (
				B3A012D434B6C457D3B28ACC /* Pods-Services.debug.xcconfig */,
				C871C1748874CBA824045DAB /* Pods-Services.release.xcconfig */,
			);
			name = Pods;
			path = ../Pods;
			sourceTree = "<group>";
		};
		DDA36022237A21AF000482E2 = {
			isa = PBXGroup;
			children = (
				DDA3602E237A21AF000482E2 /* Services */,
				DDA36039237A21B0000482E2 /* ServicesTests */,
				DDA3602D237A21AF000482E2 /* Products */,
				75DB8EF4B1A0CB54A50DA36C /* Pods */,
				0013400E2DF8082386CABD5D /* Frameworks */,
			);
			sourceTree = "<group>";
		};
		DDA3602D237A21AF000482E2 /* Products */ = {
			isa = PBXGroup;
			children = (
				DDA3602C237A21AF000482E2 /* Services.framework */,
				DDA36035237A21B0000482E2 /* ServicesTests.xctest */,
			);
			name = Products;
			sourceTree = "<group>";
		};
		DDA3602E237A21AF000482E2 /* Services */ = {
			isa = PBXGroup;
			children = (
				DDA3608C237A284D000482E2 /* Client */,
				DDA36087237A281A000482E2 /* Models */,
				DDA3602F237A21AF000482E2 /* Services.h */,
				DDA36030237A21AF000482E2 /* Info.plist */,
			);
			path = Services;
			sourceTree = "<group>";
		};
		DDA36039237A21B0000482E2 /* ServicesTests */ = {
			isa = PBXGroup;
			children = (
				DDA3603A237A21B0000482E2 /* ServicesTests.swift */,
				DDA3603C237A21B0000482E2 /* Info.plist */,
			);
			path = ServicesTests;
			sourceTree = "<group>";
		};
		DDA36087237A281A000482E2 /* Models */ = {
			isa = PBXGroup;
			children = (
				DDA36088237A2825000482E2 /* APIRequest.swift */,
				DDA3608A237A2837000482E2 /* APIResponse.swift */,
			);
			path = Models;
			sourceTree = "<group>";
		};
		DDA3608C237A284D000482E2 /* Client */ = {
			isa = PBXGroup;
			children = (
				DDA3608D237A2863000482E2 /* ClientType.swift */,
				DDA3608F237A2A91000482E2 /* APIClient.swift */,
			);
			path = Client;
			sourceTree = "<group>";
		};
/* End PBXGroup section */

/* Begin PBXHeadersBuildPhase section */
		DDA36027237A21AF000482E2 /* Headers */ = {
			isa = PBXHeadersBuildPhase;
			buildActionMask = 2147483647;
			files = (
				DDA3603D237A21B0000482E2 /* Services.h in Headers */,
			);
			runOnlyForDeploymentPostprocessing = 0;
		};
/* End PBXHeadersBuildPhase section */

/* Begin PBXNativeTarget section */
		DDA3602B237A21AF000482E2 /* Services */ = {
			isa = PBXNativeTarget;
			buildConfigurationList = DDA36040237A21B0000482E2 /* Build configuration list for PBXNativeTarget "Services" */;
			buildPhases = (
				0FEAE23D96DC8FE392A773D4 /* [CP] Check Pods Manifest.lock */,
				DDA36027237A21AF000482E2 /* Headers */,
				DDA36028237A21AF000482E2 /* Sources */,
				DDA36029237A21AF000482E2 /* Frameworks */,
				DDA3602A237A21AF000482E2 /* Resources */,
			);
			buildRules = (
			);
			dependencies = (
			);
			name = Services;
			productName = Services;
			productReference = DDA3602C237A21AF000482E2 /* Services.framework */;
			productType = "com.apple.product-type.framework";
		};
		DDA36034237A21B0000482E2 /* ServicesTests */ = {
			isa = PBXNativeTarget;
			buildConfigurationList = DDA36043237A21B0000482E2 /* Build configuration list for PBXNativeTarget "ServicesTests" */;
			buildPhases = (
				DDA36031237A21B0000482E2 /* Sources */,
				DDA36032237A21B0000482E2 /* Frameworks */,
				DDA36033237A21B0000482E2 /* Resources */,
			);
			buildRules = (
			);
			dependencies = (
				DDA36038237A21B0000482E2 /* PBXTargetDependency */,
			);
			name = ServicesTests;
			productName = ServicesTests;
			productReference = DDA36035237A21B0000482E2 /* ServicesTests.xctest */;
			productType = "com.apple.product-type.bundle.unit-test";
		};
/* End PBXNativeTarget section */

/* Begin PBXProject section */
		DDA36023237A21AF000482E2 /* Project object */ = {
			isa = PBXProject;
			attributes = {
				LastSwiftUpdateCheck = 1020;
				LastUpgradeCheck = 1020;
				ORGANIZATIONNAME = "Miguel Roncallo";
				TargetAttributes = {
					DDA3602B237A21AF000482E2 = {
						CreatedOnToolsVersion = 10.2.1;
						LastSwiftMigration = 1020;
					};
					DDA36034237A21B0000482E2 = {
						CreatedOnToolsVersion = 10.2.1;
					};
				};
			};
			buildConfigurationList = DDA36026237A21AF000482E2 /* Build configuration list for PBXProject "Services" */;
			compatibilityVersion = "Xcode 9.3";
			developmentRegion = en;
			hasScannedForEncodings = 0;
			knownRegions = (
				en,
			);
			mainGroup = DDA36022237A21AF000482E2;
			productRefGroup = DDA3602D237A21AF000482E2 /* Products */;
			projectDirPath = "";
			projectRoot = "";
			targets = (
				DDA3602B237A21AF000482E2 /* Services */,
				DDA36034237A21B0000482E2 /* ServicesTests */,
			);
		};
/* End PBXProject section */

/* Begin PBXResourcesBuildPhase section */
		DDA3602A237A21AF000482E2 /* Resources */ = {
			isa = PBXResourcesBuildPhase;
			buildActionMask = 2147483647;
			files = (
			);
			runOnlyForDeploymentPostprocessing = 0;
		};
		DDA36033237A21B0000482E2 /* Resources */ = {
			isa = PBXResourcesBuildPhase;
			buildActionMask = 2147483647;
			files = (
			);
			runOnlyForDeploymentPostprocessing = 0;
		};
/* End PBXResourcesBuildPhase section */

/* Begin PBXShellScriptBuildPhase section */
		0FEAE23D96DC8FE392A773D4 /* [CP] Check Pods Manifest.lock */ = {
			isa = PBXShellScriptBuildPhase;
			buildActionMask = 2147483647;
			files = (
			);
			inputFileListPaths = (
			);
			inputPaths = (
				"${PODS_PODFILE_DIR_PATH}/Podfile.lock",
				"${PODS_ROOT}/Manifest.lock",
			);
			name = "[CP] Check Pods Manifest.lock";
			outputFileListPaths = (
			);
			outputPaths = (
				"$(DERIVED_FILE_DIR)/Pods-Services-checkManifestLockResult.txt",
			);
			runOnlyForDeploymentPostprocessing = 0;
			shellPath = /bin/sh;
			shellScript = "diff \"${PODS_PODFILE_DIR_PATH}/Podfile.lock\" \"${PODS_ROOT}/Manifest.lock\" > /dev/null\nif [ $? != 0 ] ; then\n    # print error to STDERR\n    echo \"error: The sandbox is not in sync with the Podfile.lock. Run 'pod install' or update your CocoaPods installation.\" >&2\n    exit 1\nfi\n# This output is used by Xcode 'outputs' to avoid re-running this script phase.\necho \"SUCCESS\" > \"${SCRIPT_OUTPUT_FILE_0}\"\n";
			showEnvVarsInLog = 0;
		};
/* End PBXShellScriptBuildPhase section */

/* Begin PBXSourcesBuildPhase section */
		DDA36028237A21AF000482E2 /* Sources */ = {
			isa = PBXSourcesBuildPhase;
			buildActionMask = 2147483647;
			files = (
				DDA3608E237A2863000482E2 /* ClientType.swift in Sources */,
				DDA36089237A2825000482E2 /* APIRequest.swift in Sources */,
				DDA3608B237A2837000482E2 /* APIResponse.swift in Sources */,
				DDA36090237A2A91000482E2 /* APIClient.swift in Sources */,
			);
			runOnlyForDeploymentPostprocessing = 0;
		};
		DDA36031237A21B0000482E2 /* Sources */ = {
			isa = PBXSourcesBuildPhase;
			buildActionMask = 2147483647;
			files = (
				DDA3603B237A21B0000482E2 /* ServicesTests.swift in Sources */,
			);
			runOnlyForDeploymentPostprocessing = 0;
		};
/* End PBXSourcesBuildPhase section */

/* Begin PBXTargetDependency section */
		DDA36038237A21B0000482E2 /* PBXTargetDependency */ = {
			isa = PBXTargetDependency;
			target = DDA3602B237A21AF000482E2 /* Services */;
			targetProxy = DDA36037237A21B0000482E2 /* PBXContainerItemProxy */;
		};
/* End PBXTargetDependency section */

/* Begin XCBuildConfiguration section */
		DDA3603E237A21B0000482E2 /* Debug */ = {
			isa = XCBuildConfiguration;
			buildSettings = {
				ALWAYS_SEARCH_USER_PATHS = NO;
				CLANG_ANALYZER_NONNULL = YES;
				CLANG_ANALYZER_NUMBER_OBJECT_CONVERSION = YES_AGGRESSIVE;
				CLANG_CXX_LANGUAGE_STANDARD = "gnu++14";
				CLANG_CXX_LIBRARY = "libc++";
				CLANG_ENABLE_MODULES = YES;
				CLANG_ENABLE_OBJC_ARC = YES;
				CLANG_ENABLE_OBJC_WEAK = YES;
				CLANG_WARN_BLOCK_CAPTURE_AUTORELEASING = YES;
				CLANG_WARN_BOOL_CONVERSION = YES;
				CLANG_WARN_COMMA = YES;
				CLANG_WARN_CONSTANT_CONVERSION = YES;
				CLANG_WARN_DEPRECATED_OBJC_IMPLEMENTATIONS = YES;
				CLANG_WARN_DIRECT_OBJC_ISA_USAGE = YES_ERROR;
				CLANG_WARN_DOCUMENTATION_COMMENTS = YES;
				CLANG_WARN_EMPTY_BODY = YES;
				CLANG_WARN_ENUM_CONVERSION = YES;
				CLANG_WARN_INFINITE_RECURSION = YES;
				CLANG_WARN_INT_CONVERSION = YES;
				CLANG_WARN_NON_LITERAL_NULL_CONVERSION = YES;
				CLANG_WARN_OBJC_IMPLICIT_RETAIN_SELF = YES;
				CLANG_WARN_OBJC_LITERAL_CONVERSION = YES;
				CLANG_WARN_OBJC_ROOT_CLASS = YES_ERROR;
				CLANG_WARN_RANGE_LOOP_ANALYSIS = YES;
				CLANG_WARN_STRICT_PROTOTYPES = YES;
				CLANG_WARN_SUSPICIOUS_MOVE = YES;
				CLANG_WARN_UNGUARDED_AVAILABILITY = YES_AGGRESSIVE;
				CLANG_WARN_UNREACHABLE_CODE = YES;
				CLANG_WARN__DUPLICATE_METHOD_MATCH = YES;
				CODE_SIGN_IDENTITY = "iPhone Developer";
				COPY_PHASE_STRIP = NO;
				CURRENT_PROJECT_VERSION = 1;
				DEBUG_INFORMATION_FORMAT = dwarf;
				ENABLE_STRICT_OBJC_MSGSEND = YES;
				ENABLE_TESTABILITY = YES;
				GCC_C_LANGUAGE_STANDARD = gnu11;
				GCC_DYNAMIC_NO_PIC = NO;
				GCC_NO_COMMON_BLOCKS = YES;
				GCC_OPTIMIZATION_LEVEL = 0;
				GCC_PREPROCESSOR_DEFINITIONS = (
					"DEBUG=1",
					"$(inherited)",
				);
				GCC_WARN_64_TO_32_BIT_CONVERSION = YES;
				GCC_WARN_ABOUT_RETURN_TYPE = YES_ERROR;
				GCC_WARN_UNDECLARED_SELECTOR = YES;
				GCC_WARN_UNINITIALIZED_AUTOS = YES_AGGRESSIVE;
				GCC_WARN_UNUSED_FUNCTION = YES;
				GCC_WARN_UNUSED_VARIABLE = YES;
				IPHONEOS_DEPLOYMENT_TARGET = 12.2;
				MTL_ENABLE_DEBUG_INFO = INCLUDE_SOURCE;
				MTL_FAST_MATH = YES;
				ONLY_ACTIVE_ARCH = YES;
				SDKROOT = iphoneos;
				SWIFT_ACTIVE_COMPILATION_CONDITIONS = DEBUG;
				SWIFT_OPTIMIZATION_LEVEL = "-Onone";
				VERSIONING_SYSTEM = "apple-generic";
				VERSION_INFO_PREFIX = "";
			};
			name = Debug;
		};
		DDA3603F237A21B0000482E2 /* Release */ = {
			isa = XCBuildConfiguration;
			buildSettings = {
				ALWAYS_SEARCH_USER_PATHS = NO;
				CLANG_ANALYZER_NONNULL = YES;
				CLANG_ANALYZER_NUMBER_OBJECT_CONVERSION = YES_AGGRESSIVE;
				CLANG_CXX_LANGUAGE_STANDARD = "gnu++14";
				CLANG_CXX_LIBRARY = "libc++";
				CLANG_ENABLE_MODULES = YES;
				CLANG_ENABLE_OBJC_ARC = YES;
				CLANG_ENABLE_OBJC_WEAK = YES;
				CLANG_WARN_BLOCK_CAPTURE_AUTORELEASING = YES;
				CLANG_WARN_BOOL_CONVERSION = YES;
				CLANG_WARN_COMMA = YES;
				CLANG_WARN_CONSTANT_CONVERSION = YES;
				CLANG_WARN_DEPRECATED_OBJC_IMPLEMENTATIONS = YES;
				CLANG_WARN_DIRECT_OBJC_ISA_USAGE = YES_ERROR;
				CLANG_WARN_DOCUMENTATION_COMMENTS = YES;
				CLANG_WARN_EMPTY_BODY = YES;
				CLANG_WARN_ENUM_CONVERSION = YES;
				CLANG_WARN_INFINITE_RECURSION = YES;
				CLANG_WARN_INT_CONVERSION = YES;
				CLANG_WARN_NON_LITERAL_NULL_CONVERSION = YES;
				CLANG_WARN_OBJC_IMPLICIT_RETAIN_SELF = YES;
				CLANG_WARN_OBJC_LITERAL_CONVERSION = YES;
				CLANG_WARN_OBJC_ROOT_CLASS = YES_ERROR;
				CLANG_WARN_RANGE_LOOP_ANALYSIS = YES;
				CLANG_WARN_STRICT_PROTOTYPES = YES;
				CLANG_WARN_SUSPICIOUS_MOVE = YES;
				CLANG_WARN_UNGUARDED_AVAILABILITY = YES_AGGRESSIVE;
				CLANG_WARN_UNREACHABLE_CODE = YES;
				CLANG_WARN__DUPLICATE_METHOD_MATCH = YES;
				CODE_SIGN_IDENTITY = "iPhone Developer";
				COPY_PHASE_STRIP = NO;
				CURRENT_PROJECT_VERSION = 1;
				DEBUG_INFORMATION_FORMAT = "dwarf-with-dsym";
				ENABLE_NS_ASSERTIONS = NO;
				ENABLE_STRICT_OBJC_MSGSEND = YES;
				GCC_C_LANGUAGE_STANDARD = gnu11;
				GCC_NO_COMMON_BLOCKS = YES;
				GCC_WARN_64_TO_32_BIT_CONVERSION = YES;
				GCC_WARN_ABOUT_RETURN_TYPE = YES_ERROR;
				GCC_WARN_UNDECLARED_SELECTOR = YES;
				GCC_WARN_UNINITIALIZED_AUTOS = YES_AGGRESSIVE;
				GCC_WARN_UNUSED_FUNCTION = YES;
				GCC_WARN_UNUSED_VARIABLE = YES;
				IPHONEOS_DEPLOYMENT_TARGET = 12.2;
				MTL_ENABLE_DEBUG_INFO = NO;
				MTL_FAST_MATH = YES;
				SDKROOT = iphoneos;
				SWIFT_COMPILATION_MODE = wholemodule;
				SWIFT_OPTIMIZATION_LEVEL = "-O";
				VALIDATE_PRODUCT = YES;
				VERSIONING_SYSTEM = "apple-generic";
				VERSION_INFO_PREFIX = "";
			};
			name = Release;
		};
		DDA36041237A21B0000482E2 /* Debug */ = {
			isa = XCBuildConfiguration;
			baseConfigurationReference = B3A012D434B6C457D3B28ACC /* Pods-Services.debug.xcconfig */;
			buildSettings = {
				CLANG_ENABLE_MODULES = YES;
				CODE_SIGN_IDENTITY = "";
				CODE_SIGN_STYLE = Automatic;
				DEFINES_MODULE = YES;
				DYLIB_COMPATIBILITY_VERSION = 1;
				DYLIB_CURRENT_VERSION = 1;
				DYLIB_INSTALL_NAME_BASE = "@rpath";
				INFOPLIST_FILE = Services/Info.plist;
				INSTALL_PATH = "$(LOCAL_LIBRARY_DIR)/Frameworks";
				LD_RUNPATH_SEARCH_PATHS = (
					"$(inherited)",
					"@executable_path/Frameworks",
					"@loader_path/Frameworks",
				);
				PRODUCT_BUNDLE_IDENTIFIER = test.Services;
				PRODUCT_NAME = "$(TARGET_NAME:c99extidentifier)";
				SKIP_INSTALL = YES;
				SWIFT_OPTIMIZATION_LEVEL = "-Onone";
				SWIFT_VERSION = 5.0;
				TARGETED_DEVICE_FAMILY = "1,2";
			};
			name = Debug;
		};
		DDA36042237A21B0000482E2 /* Release */ = {
			isa = XCBuildConfiguration;
			baseConfigurationReference = C871C1748874CBA824045DAB /* Pods-Services.release.xcconfig */;
			buildSettings = {
				CLANG_ENABLE_MODULES = YES;
				CODE_SIGN_IDENTITY = "";
				CODE_SIGN_STYLE = Automatic;
				DEFINES_MODULE = YES;
				DYLIB_COMPATIBILITY_VERSION = 1;
				DYLIB_CURRENT_VERSION = 1;
				DYLIB_INSTALL_NAME_BASE = "@rpath";
				INFOPLIST_FILE = Services/Info.plist;
				INSTALL_PATH = "$(LOCAL_LIBRARY_DIR)/Frameworks";
				LD_RUNPATH_SEARCH_PATHS = (
					"$(inherited)",
					"@executable_path/Frameworks",
					"@loader_path/Frameworks",
				);
				PRODUCT_BUNDLE_IDENTIFIER = test.Services;
				PRODUCT_NAME = "$(TARGET_NAME:c99extidentifier)";
				SKIP_INSTALL = YES;
				SWIFT_VERSION = 5.0;
				TARGETED_DEVICE_FAMILY = "1,2";
			};
			name = Release;
		};
		DDA36044237A21B0000482E2 /* Debug */ = {
			isa = XCBuildConfiguration;
			buildSettings = {
				ALWAYS_EMBED_SWIFT_STANDARD_LIBRARIES = YES;
				CODE_SIGN_STYLE = Automatic;
				INFOPLIST_FILE = ServicesTests/Info.plist;
				LD_RUNPATH_SEARCH_PATHS = (
					"$(inherited)",
					"@executable_path/Frameworks",
					"@loader_path/Frameworks",
				);
				PRODUCT_BUNDLE_IDENTIFIER = test.ServicesTests;
				PRODUCT_NAME = "$(TARGET_NAME)";
				SWIFT_VERSION = 5.0;
				TARGETED_DEVICE_FAMILY = "1,2";
			};
			name = Debug;
		};
		DDA36045237A21B0000482E2 /* Release */ = {
			isa = XCBuildConfiguration;
			buildSettings = {
				ALWAYS_EMBED_SWIFT_STANDARD_LIBRARIES = YES;
				CODE_SIGN_STYLE = Automatic;
				INFOPLIST_FILE = ServicesTests/Info.plist;
				LD_RUNPATH_SEARCH_PATHS = (
					"$(inherited)",
					"@executable_path/Frameworks",
					"@loader_path/Frameworks",
				);
				PRODUCT_BUNDLE_IDENTIFIER = test.ServicesTests;
				PRODUCT_NAME = "$(TARGET_NAME)";
				SWIFT_VERSION = 5.0;
				TARGETED_DEVICE_FAMILY = "1,2";
			};
			name = Release;
		};
/* End XCBuildConfiguration section */

/* Begin XCConfigurationList section */
		DDA36026237A21AF000482E2 /* Build configuration list for PBXProject "Services" */ = {
			isa = XCConfigurationList;
			buildConfigurations = (
				DDA3603E237A21B0000482E2 /* Debug */,
				DDA3603F237A21B0000482E2 /* Release */,
			);
			defaultConfigurationIsVisible = 0;
			defaultConfigurationName = Release;
		};
		DDA36040237A21B0000482E2 /* Build configuration list for PBXNativeTarget "Services" */ = {
			isa = XCConfigurationList;
			buildConfigurations = (
				DDA36041237A21B0000482E2 /* Debug */,
				DDA36042237A21B0000482E2 /* Release */,
			);
			defaultConfigurationIsVisible = 0;
			defaultConfigurationName = Release;
		};
		DDA36043237A21B0000482E2 /* Build configuration list for PBXNativeTarget "ServicesTests" */ = {
			isa = XCConfigurationList;
			buildConfigurations = (
				DDA36044237A21B0000482E2 /* Debug */,
				DDA36045237A21B0000482E2 /* Release */,
			);
			defaultConfigurationIsVisible = 0;
			defaultConfigurationName = Release;
		};
/* End XCConfigurationList section */
	};
	rootObject = DDA36023237A21AF000482E2 /* Project object */;
}
